
Microsoft Visual Studio Solution File, Format Version 12.00
# Visual Studio Version 16
VisualStudioVersion = 16.0.32929.386
MinimumVisualStudioVersion = 10.0.40219.1
Project("{FAE04EC0-301F-11D3-BF4B-00C04F79EFBC}") = "VisualTasks", "VisualTasks\VisualTasks.csproj", "{84F3A507-2914-4453-9494-5438FEBEE21F}"
EndProject
Global
	GlobalSection(SolutionConfigurationPlatforms) = preSolution
		Debug|Any CPU = Debug|Any CPU
		Release|Any CPU = Release|Any CPU
	EndGlobalSection
	GlobalSection(ProjectConfigurationPlatforms) = postSolution
		{84F3A507-2914-4453-9494-5438FEBEE21F}.Debug|Any CPU.ActiveCfg = Debug|Any CPU
		{84F3A507-2914-4453-9494-5438FEBEE21F}.Debug|Any CPU.Build.0 = Debug|Any CPU
		{84F3A507-2914-4453-9494-5438FEBEE21F}.Release|Any CPU.ActiveCfg = Release|Any CPU
		{84F3A507-2914-4453-9494-5438FEBEE21F}.Release|Any CPU.Build.0 = Release|Any CPU
	EndGlobalSection
	GlobalSection(SolutionProperties) = preSolution
		HideSolutionNode = FALSE
	EndGlobalSection
	GlobalSection(ExtensibilityGlobals) = postSolution
		SolutionGuid = {14AC3699-BCB1-4346-A3F6-CA26D194F9BC}
	EndGlobalSection
EndGlobal
